
Microsoft Visual Studio Solution File, Format Version 12.00
# Visual Studio Version 17
VisualStudioVersion = 17.5.33516.290
MinimumVisualStudioVersion = 10.0.40219.1
Project("{9A19103F-16F7-4668-BE54-9A1E7A4F7556}") = "heroicons", "heroicons\heroicons.csproj", "{D7572F23-CD45-4D56-A941-5616FDD055C5}"
EndProject
Project("{9A19103F-16F7-4668-BE54-9A1E7A4F7556}") = "heroicons.codegen", "heroicons.codegen\heroicons.codegen.csproj", "{B6E0F8B1-F62C-47CD-88F6-38C114E45297}"
EndProject
Global
	GlobalSection(SolutionConfigurationPlatforms) = preSolution
		Debug|Any CPU = Debug|Any CPU
		Release|Any CPU = Release|Any CPU
	EndGlobalSection
	GlobalSection(ProjectConfigurationPlatforms) = postSolution
		{D7572F23-CD45-4D56-A941-5616FDD055C5}.Debug|Any CPU.ActiveCfg = Debug|Any CPU
		{D7572F23-CD45-4D56-A941-5616FDD055C5}.Debug|Any CPU.Build.0 = Debug|Any CPU
		{D7572F23-CD45-4D56-A941-5616FDD055C5}.Release|Any CPU.ActiveCfg = Release|Any CPU
		{D7572F23-CD45-4D56-A941-5616FDD055C5}.Release|Any CPU.Build.0 = Release|Any CPU
		{B6E0F8B1-F62C-47CD-88F6-38C114E45297}.Debug|Any CPU.ActiveCfg = Debug|Any CPU
		{B6E0F8B1-F62C-47CD-88F6-38C114E45297}.Debug|Any CPU.Build.0 = Debug|Any CPU
		{B6E0F8B1-F62C-47CD-88F6-38C114E45297}.Release|Any CPU.ActiveCfg = Release|Any CPU
		{B6E0F8B1-F62C-47CD-88F6-38C114E45297}.Release|Any CPU.Build.0 = Release|Any CPU
	EndGlobalSection
	GlobalSection(SolutionProperties) = preSolution
		HideSolutionNode = FALSE
	EndGlobalSection
	GlobalSection(ExtensibilityGlobals) = postSolution
		SolutionGuid = {EBB6B64E-D783-490C-896D-2B8F40F96A6F}
	EndGlobalSection
EndGlobal
